
Microsoft Visual Studio Solution File, Format Version 12.00
# Visual Studio 15
VisualStudioVersion = 15.0.27703.2042
MinimumVisualStudioVersion = 10.0.40219.1
Project("{2150E333-8FDC-42A3-9474-1A3956D46DE8}") = "Solution Items", "Solution Items", "{DA4ADD67-1E5D-4962-98DF-776A3EACF4D1}"
	ProjectSection(SolutionItems) = preProject
		Episode_1.html = Episode_1.html
	EndProjectSection
EndProject
Global
	GlobalSection(SolutionProperties) = preSolution
		HideSolutionNode = FALSE
	EndGlobalSection
	GlobalSection(ExtensibilityGlobals) = postSolution
		SolutionGuid = {7EF621EC-F96A-4AE3-8089-6CD411F18F5B}
	EndGlobalSection
EndGlobal
